
Microsoft Visual Studio Solution File, Format Version 12.00
# Visual Studio 15
VisualStudioVersion = 15.0.28307.489
MinimumVisualStudioVersion = 10.0.40219.1
Project("{FAE04EC0-301F-11D3-BF4B-00C04F79EFBC}") = "Kanban", "Kanban\Kanban.csproj", "{C9ACE9E1-8AA6-48A9-BCA5-4C2EF6FB6C2D}"
EndProject
Project("{FAE04EC0-301F-11D3-BF4B-00C04F79EFBC}") = "Controllers", "Controllers\Controllers.csproj", "{97160780-3EF6-4AF0-B591-09F156B12247}"
EndProject
Project("{FAE04EC0-301F-11D3-BF4B-00C04F79EFBC}") = "Models", "Models\Models.csproj", "{A681672C-A385-46C4-8308-2CE49D7B0D9E}"
EndProject
Project("{FAE04EC0-301F-11D3-BF4B-00C04F79EFBC}") = "WPFView", "WPFView\WPFView.csproj", "{F87CDC37-A2E9-49C8-9165-89A0985C0CF0}"
EndProject
Global
	GlobalSection(SolutionConfigurationPlatforms) = preSolution
		Debug|Any CPU = Debug|Any CPU
		Release|Any CPU = Release|Any CPU
	EndGlobalSection
	GlobalSection(ProjectConfigurationPlatforms) = postSolution
		{C9ACE9E1-8AA6-48A9-BCA5-4C2EF6FB6C2D}.Debug|Any CPU.ActiveCfg = Debug|Any CPU
		{C9ACE9E1-8AA6-48A9-BCA5-4C2EF6FB6C2D}.Debug|Any CPU.Build.0 = Debug|Any CPU
		{C9ACE9E1-8AA6-48A9-BCA5-4C2EF6FB6C2D}.Release|Any CPU.ActiveCfg = Release|Any CPU
		{C9ACE9E1-8AA6-48A9-BCA5-4C2EF6FB6C2D}.Release|Any CPU.Build.0 = Release|Any CPU
		{97160780-3EF6-4AF0-B591-09F156B12247}.Debug|Any CPU.ActiveCfg = Debug|Any CPU
		{97160780-3EF6-4AF0-B591-09F156B12247}.Debug|Any CPU.Build.0 = Debug|Any CPU
		{97160780-3EF6-4AF0-B591-09F156B12247}.Release|Any CPU.ActiveCfg = Release|Any CPU
		{97160780-3EF6-4AF0-B591-09F156B12247}.Release|Any CPU.Build.0 = Release|Any CPU
		{A681672C-A385-46C4-8308-2CE49D7B0D9E}.Debug|Any CPU.ActiveCfg = Debug|Any CPU
		{A681672C-A385-46C4-8308-2CE49D7B0D9E}.Debug|Any CPU.Build.0 = Debug|Any CPU
		{A681672C-A385-46C4-8308-2CE49D7B0D9E}.Release|Any CPU.ActiveCfg = Release|Any CPU
		{A681672C-A385-46C4-8308-2CE49D7B0D9E}.Release|Any CPU.Build.0 = Release|Any CPU
		{F87CDC37-A2E9-49C8-9165-89A0985C0CF0}.Debug|Any CPU.ActiveCfg = Debug|Any CPU
		{F87CDC37-A2E9-49C8-9165-89A0985C0CF0}.Debug|Any CPU.Build.0 = Debug|Any CPU
		{F87CDC37-A2E9-49C8-9165-89A0985C0CF0}.Release|Any CPU.ActiveCfg = Release|Any CPU
		{F87CDC37-A2E9-49C8-9165-89A0985C0CF0}.Release|Any CPU.Build.0 = Release|Any CPU
	EndGlobalSection
	GlobalSection(SolutionProperties) = preSolution
		HideSolutionNode = FALSE
	EndGlobalSection
	GlobalSection(ExtensibilityGlobals) = postSolution
		SolutionGuid = {2816B6A8-3FBE-4320-B36A-0D5DE8A9DDFE}
	EndGlobalSection
EndGlobal
